// !$*UTF8*$!
{
	archiveVersion = 1;
	classes = {
	};
	objectVersion = 50;
	objects = {

/* Begin PBXBuildFile section */
		7657FFC2231ABAA500552755 /* AppDelegate.swift in Sources */ = {isa = PBXBuildFile; fileRef = 7657FFC1231ABAA500552755 /* AppDelegate.swift */; };
		7657FFC4231ABAA500552755 /* GameScene.sks in Resources */ = {isa = PBXBuildFile; fileRef = 7657FFC3231ABAA500552755 /* GameScene.sks */; };
		7657FFC6231ABAA500552755 /* Actions.sks in Resources */ = {isa = PBXBuildFile; fileRef = 7657FFC5231ABAA500552755 /* Actions.sks */; };
		7657FFC8231ABAA500552755 /* GameScene.swift in Sources */ = {isa = PBXBuildFile; fileRef = 7657FFC7231ABAA500552755 /* GameScene.swift */; };
		7657FFCA231ABAA500552755 /* GameViewController.swift in Sources */ = {isa = PBXBuildFile; fileRef = 7657FFC9231ABAA500552755 /* GameViewController.swift */; };
		7657FFCD231ABAA500552755 /* Main.storyboard in Resources */ = {isa = PBXBuildFile; fileRef = 7657FFCB231ABAA500552755 /* Main.storyboard */; };
		7657FFCF231ABAA900552755 /* Assets.xcassets in Resources */ = {isa = PBXBuildFile; fileRef = 7657FFCE231ABAA900552755 /* Assets.xcassets */; };
		7657FFD2231ABAA900552755 /* LaunchScreen.storyboard in Resources */ = {isa = PBXBuildFile; fileRef = 7657FFD0231ABAA900552755 /* LaunchScreen.storyboard */; };
		7657FFDA231ABAE600552755 /* SKButtonNode.swift in Sources */ = {isa = PBXBuildFile; fileRef = 7657FFD9231ABAE600552755 /* SKButtonNode.swift */; };
/* End PBXBuildFile section */

/* Begin PBXFileReference section */
		7657FFBE231ABAA500552755 /* SKButtonNode.app */ = {isa = PBXFileReference; explicitFileType = wrapper.application; includeInIndex = 0; path = SKButtonNode.app; sourceTree = BUILT_PRODUCTS_DIR; };
		7657FFC1231ABAA500552755 /* AppDelegate.swift */ = {isa = PBXFileReference; lastKnownFileType = sourcecode.swift; path = AppDelegate.swift; sourceTree = "<group>"; };
		7657FFC3231ABAA500552755 /* GameScene.sks */ = {isa = PBXFileReference; lastKnownFileType = file.sks; path = GameScene.sks; sourceTree = "<group>"; };
		7657FFC5231ABAA500552755 /* Actions.sks */ = {isa = PBXFileReference; lastKnownFileType = file.sks; path = Actions.sks; sourceTree = "<group>"; };
		7657FFC7231ABAA500552755 /* GameScene.swift */ = {isa = PBXFileReference; lastKnownFileType = sourcecode.swift; path = GameScene.swift; sourceTree = "<group>"; };
		7657FFC9231ABAA500552755 /* GameViewController.swift */ = {isa = PBXFileReference; lastKnownFileType = sourcecode.swift; path = GameViewController.swift; sourceTree = "<group>"; };
		7657FFCC231ABAA500552755 /* Base */ = {isa = PBXFileReference; lastKnownFileType = file.storyboard; name = Base; path = Base.lproj/Main.storyboard; sourceTree = "<group>"; };
		7657FFCE231ABAA900552755 /* Assets.xcassets */ = {isa = PBXFileReference; lastKnownFileType = folder.assetcatalog; path = Assets.xcassets; sourceTree = "<group>"; };
		7657FFD1231ABAA900552755 /* Base */ = {isa = PBXFileReference; lastKnownFileType = file.storyboard; name = Base; path = Base.lproj/LaunchScreen.storyboard; sourceTree = "<group>"; };
		7657FFD3231ABAA900552755 /* Info.plist */ = {isa = PBXFileReference; lastKnownFileType = text.plist.xml; path = Info.plist; sourceTree = "<group>"; };
		7657FFD9231ABAE600552755 /* SKButtonNode.swift */ = {isa = PBXFileReference; lastKnownFileType = sourcecode.swift; path = SKButtonNode.swift; sourceTree = "<group>"; };
/* End PBXFileReference section */

/* Begin PBXFrameworksBuildPhase section */
		7657FFBB231ABAA500552755 /* Frameworks */ = {
			isa = PBXFrameworksBuildPhase;
			buildActionMask = 2147483647;
			files = (
			);
			runOnlyForDeploymentPostprocessing = 0;
		};
/* End PBXFrameworksBuildPhase section */

/* Begin PBXGroup section */
		7657FFB5231ABAA500552755 = {
			isa = PBXGroup;
			children = (
				7657FFC0231ABAA500552755 /* SKButtonNode */,
				7657FFBF231ABAA500552755 /* Products */,
			);
			sourceTree = "<group>";
		};
		7657FFBF231ABAA500552755 /* Products */ = {
			isa = PBXGroup;
			children = (
				7657FFBE231ABAA500552755 /* SKButtonNode.app */,
			);
			name = Products;
			sourceTree = "<group>";
		};
		7657FFC0231ABAA500552755 /* SKButtonNode */ = {
			isa = PBXGroup;
			children = (
				7657FFC1231ABAA500552755 /* AppDelegate.swift */,
				7657FFC3231ABAA500552755 /* GameScene.sks */,
				7657FFC5231ABAA500552755 /* Actions.sks */,
				7657FFC7231ABAA500552755 /* GameScene.swift */,
				7657FFC9231ABAA500552755 /* GameViewController.swift */,
				7657FFCB231ABAA500552755 /* Main.storyboard */,
				7657FFCE231ABAA900552755 /* Assets.xcassets */,
				7657FFD0231ABAA900552755 /* LaunchScreen.storyboard */,
				7657FFD3231ABAA900552755 /* Info.plist */,
				7657FFD9231ABAE600552755 /* SKButtonNode.swift */,
			);
			path = SKButtonNode;
			sourceTree = "<group>";
		};
/* End PBXGroup section */

/* Begin PBXNativeTarget section */
		7657FFBD231ABAA500552755 /* SKButtonNode */ = {
			isa = PBXNativeTarget;
			buildConfigurationList = 7657FFD6231ABAA900552755 /* Build configuration list for PBXNativeTarget "SKButtonNode" */;
			buildPhases = (
				7657FFBA231ABAA500552755 /* Sources */,
				7657FFBB231ABAA500552755 /* Frameworks */,
				7657FFBC231ABAA500552755 /* Resources */,
			);
			buildRules = (
			);
			dependencies = (
			);
			name = SKButtonNode;
			productName = SKButtonNode;
			productReference = 7657FFBE231ABAA500552755 /* SKButtonNode.app */;
			productType = "com.apple.product-type.application";
		};
/* End PBXNativeTarget section */

/* Begin PBXProject section */
		7657FFB6231ABAA500552755 /* Project object */ = {
			isa = PBXProject;
			attributes = {
				LastSwiftUpdateCheck = 1030;
				LastUpgradeCheck = 1030;
				ORGANIZATIONNAME = "Behind Game Lab";
				TargetAttributes = {
					7657FFBD231ABAA500552755 = {
						CreatedOnToolsVersion = 10.3;
					};
				};
			};
			buildConfigurationList = 7657FFB9231ABAA500552755 /* Build configuration list for PBXProject "SKButtonNode" */;
			compatibilityVersion = "Xcode 9.3";
			developmentRegion = en;
			hasScannedForEncodings = 0;
			knownRegions = (
				en,
				Base,
			);
			mainGroup = 7657FFB5231ABAA500552755;
			productRefGroup = 7657FFBF231ABAA500552755 /* Products */;
			projectDirPath = "";
			projectRoot = "";
			targets = (
				7657FFBD231ABAA500552755 /* SKButtonNode */,
			);
		};
/* End PBXProject section */

/* Begin PBXResourcesBuildPhase section */
		7657FFBC231ABAA500552755 /* Resources */ = {
			isa = PBXResourcesBuildPhase;
			buildActionMask = 2147483647;
			files = (
				7657FFCD231ABAA500552755 /* Main.storyboard in Resources */,
				7657FFC4231ABAA500552755 /* GameScene.sks in Resources */,
				7657FFCF231ABAA900552755 /* Assets.xcassets in Resources */,
				7657FFD2231ABAA900552755 /* LaunchScreen.storyboard in Resources */,
				7657FFC6231ABAA500552755 /* Actions.sks in Resources */,
			);
			runOnlyForDeploymentPostprocessing = 0;
		};
/* End PBXResourcesBuildPhase section */

/* Begin PBXSourcesBuildPhase section */
		7657FFBA231ABAA500552755 /* Sources */ = {
			isa = PBXSourcesBuildPhase;
			buildActionMask = 2147483647;
			files = (
				7657FFC8231ABAA500552755 /* GameScene.swift in Sources */,
				7657FFDA231ABAE600552755 /* SKButtonNode.swift in Sources */,
				7657FFCA231ABAA500552755 /* GameViewController.swift in Sources */,
				7657FFC2231ABAA500552755 /* AppDelegate.swift in Sources */,
			);
			runOnlyForDeploymentPostprocessing = 0;
		};
/* End PBXSourcesBuildPhase section */

/* Begin PBXVariantGroup section */
		7657FFCB231ABAA500552755 /* Main.storyboard */ = {
			isa = PBXVariantGroup;
			children = (
				7657FFCC231ABAA500552755 /* Base */,
			);
			name = Main.storyboard;
			sourceTree = "<group>";
		};
		7657FFD0231ABAA900552755 /* LaunchScreen.storyboard */ = {
			isa = PBXVariantGroup;
			children = (
				7657FFD1231ABAA900552755 /* Base */,
			);
			name = LaunchScreen.storyboard;
			sourceTree = "<group>";
		};
/* End PBXVariantGroup section */

/* Begin XCBuildConfiguration section */
		7657FFD4231ABAA900552755 /* Debug */ = {
			isa = XCBuildConfiguration;
			buildSettings = {
				ALWAYS_SEARCH_USER_PATHS = NO;
				CLANG_ANALYZER_NONNULL = YES;
				CLANG_ANALYZER_NUMBER_OBJECT_CONVERSION = YES_AGGRESSIVE;
				CLANG_CXX_LANGUAGE_STANDARD = "gnu++14";
				CLANG_CXX_LIBRARY = "libc++";
				CLANG_ENABLE_MODULES = YES;
				CLANG_ENABLE_OBJC_ARC = YES;
				CLANG_ENABLE_OBJC_WEAK = YES;
				CLANG_WARN_BLOCK_CAPTURE_AUTORELEASING = YES;
				CLANG_WARN_BOOL_CONVERSION = YES;
				CLANG_WARN_COMMA = YES;
				CLANG_WARN_CONSTANT_CONVERSION = YES;
				CLANG_WARN_DEPRECATED_OBJC_IMPLEMENTATIONS = YES;
				CLANG_WARN_DIRECT_OBJC_ISA_USAGE = YES_ERROR;
				CLANG_WARN_DOCUMENTATION_COMMENTS = YES;
				CLANG_WARN_EMPTY_BODY = YES;
				CLANG_WARN_ENUM_CONVERSION = YES;
				CLANG_WARN_INFINITE_RECURSION = YES;
				CLANG_WARN_INT_CONVERSION = YES;
				CLANG_WARN_NON_LITERAL_NULL_CONVERSION = YES;
				CLANG_WARN_OBJC_IMPLICIT_RETAIN_SELF = YES;
				CLANG_WARN_OBJC_LITERAL_CONVERSION = YES;
				CLANG_WARN_OBJC_ROOT_CLASS = YES_ERROR;
				CLANG_WARN_RANGE_LOOP_ANALYSIS = YES;
				CLANG_WARN_STRICT_PROTOTYPES = YES;
				CLANG_WARN_SUSPICIOUS_MOVE = YES;
				CLANG_WARN_UNGUARDED_AVAILABILITY = YES_AGGRESSIVE;
				CLANG_WARN_UNREACHABLE_CODE = YES;
				CLANG_WARN__DUPLICATE_METHOD_MATCH = YES;
				CODE_SIGN_IDENTITY = "iPhone Developer";
				COPY_PHASE_STRIP = NO;
				DEBUG_INFORMATION_FORMAT = dwarf;
				ENABLE_STRICT_OBJC_MSGSEND = YES;
				ENABLE_TESTABILITY = YES;
				GCC_C_LANGUAGE_STANDARD = gnu11;
				GCC_DYNAMIC_NO_PIC = NO;
				GCC_NO_COMMON_BLOCKS = YES;
				GCC_OPTIMIZATION_LEVEL = 0;
				GCC_PREPROCESSOR_DEFINITIONS = (
					"DEBUG=1",
					"$(inherited)",
				);
				GCC_WARN_64_TO_32_BIT_CONVERSION = YES;
				GCC_WARN_ABOUT_RETURN_TYPE = YES_ERROR;
				GCC_WARN_UNDECLARED_SELECTOR = YES;
				GCC_WARN_UNINITIALIZED_AUTOS = YES_AGGRESSIVE;
				GCC_WARN_UNUSED_FUNCTION = YES;
				GCC_WARN_UNUSED_VARIABLE = YES;
				IPHONEOS_DEPLOYMENT_TARGET = 12.4;
				MTL_ENABLE_DEBUG_INFO = INCLUDE_SOURCE;
				MTL_FAST_MATH = YES;
				ONLY_ACTIVE_ARCH = YES;
				SDKROOT = iphoneos;
				SWIFT_ACTIVE_COMPILATION_CONDITIONS = DEBUG;
				SWIFT_OPTIMIZATION_LEVEL = "-Onone";
			};
			name = Debug;
		};
		7657FFD5231ABAA900552755 /* Release */ = {
			isa = XCBuildConfiguration;
			buildSettings = {
				ALWAYS_SEARCH_USER_PATHS = NO;
				CLANG_ANALYZER_NONNULL = YES;
				CLANG_ANALYZER_NUMBER_OBJECT_CONVERSION = YES_AGGRESSIVE;
				CLANG_CXX_LANGUAGE_STANDARD = "gnu++14";
				CLANG_CXX_LIBRARY = "libc++";
				CLANG_ENABLE_MODULES = YES;
				CLANG_ENABLE_OBJC_ARC = YES;
				CLANG_ENABLE_OBJC_WEAK = YES;
				CLANG_WARN_BLOCK_CAPTURE_AUTORELEASING = YES;
				CLANG_WARN_BOOL_CONVERSION = YES;
				CLANG_WARN_COMMA = YES;
				CLANG_WARN_CONSTANT_CONVERSION = YES;
				CLANG_WARN_DEPRECATED_OBJC_IMPLEMENTATIONS = YES;
				CLANG_WARN_DIRECT_OBJC_ISA_USAGE = YES_ERROR;
				CLANG_WARN_DOCUMENTATION_COMMENTS = YES;
				CLANG_WARN_EMPTY_BODY = YES;
				CLANG_WARN_ENUM_CONVERSION = YES;
				CLANG_WARN_INFINITE_RECURSION = YES;
				CLANG_WARN_INT_CONVERSION = YES;
				CLANG_WARN_NON_LITERAL_NULL_CONVERSION = YES;
				CLANG_WARN_OBJC_IMPLICIT_RETAIN_SELF = YES;
				CLANG_WARN_OBJC_LITERAL_CONVERSION = YES;
				CLANG_WARN_OBJC_ROOT_CLASS = YES_ERROR;
				CLANG_WARN_RANGE_LOOP_ANALYSIS = YES;
				CLANG_WARN_STRICT_PROTOTYPES = YES;
				CLANG_WARN_SUSPICIOUS_MOVE = YES;
				CLANG_WARN_UNGUARDED_AVAILABILITY = YES_AGGRESSIVE;
				CLANG_WARN_UNREACHABLE_CODE = YES;
				CLANG_WARN__DUPLICATE_METHOD_MATCH = YES;
				CODE_SIGN_IDENTITY = "iPhone Developer";
				COPY_PHASE_STRIP = NO;
				DEBUG_INFORMATION_FORMAT = "dwarf-with-dsym";
				ENABLE_NS_ASSERTIONS = NO;
				ENABLE_STRICT_OBJC_MSGSEND = YES;
				GCC_C_LANGUAGE_STANDARD = gnu11;
				GCC_NO_COMMON_BLOCKS = YES;
				GCC_WARN_64_TO_32_BIT_CONVERSION = YES;
				GCC_WARN_ABOUT_RETURN_TYPE = YES_ERROR;
				GCC_WARN_UNDECLARED_SELECTOR = YES;
				GCC_WARN_UNINITIALIZED_AUTOS = YES_AGGRESSIVE;
				GCC_WARN_UNUSED_FUNCTION = YES;
				GCC_WARN_UNUSED_VARIABLE = YES;
				IPHONEOS_DEPLOYMENT_TARGET = 12.4;
				MTL_ENABLE_DEBUG_INFO = NO;
				MTL_FAST_MATH = YES;
				SDKROOT = iphoneos;
				SWIFT_COMPILATION_MODE = wholemodule;
				SWIFT_OPTIMIZATION_LEVEL = "-O";
				VALIDATE_PRODUCT = YES;
			};
			name = Release;
		};
		7657FFD7231ABAA900552755 /* Debug */ = {
			isa = XCBuildConfiguration;
			buildSettings = {
				ASSETCATALOG_COMPILER_APPICON_NAME = AppIcon;
				CODE_SIGN_STYLE = Automatic;
				DEVELOPMENT_TEAM = AYH9NYMQ3Y;
				INFOPLIST_FILE = SKButtonNode/Info.plist;
				LD_RUNPATH_SEARCH_PATHS = (
					"$(inherited)",
					"@executable_path/Frameworks",
				);
				PRODUCT_BUNDLE_IDENTIFIER = com.behindGameLab.SKButtonNode;
				PRODUCT_NAME = "$(TARGET_NAME)";
				SWIFT_VERSION = 5.0;
				TARGETED_DEVICE_FAMILY = "1,2";
			};
			name = Debug;
		};
		7657FFD8231ABAA900552755 /* Release */ = {
			isa = XCBuildConfiguration;
			buildSettings = {
				ASSETCATALOG_COMPILER_APPICON_NAME = AppIcon;
				CODE_SIGN_STYLE = Automatic;
				DEVELOPMENT_TEAM = AYH9NYMQ3Y;
				INFOPLIST_FILE = SKButtonNode/Info.plist;
				LD_RUNPATH_SEARCH_PATHS = (
					"$(inherited)",
					"@executable_path/Frameworks",
				);
				PRODUCT_BUNDLE_IDENTIFIER = com.behindGameLab.SKButtonNode;
				PRODUCT_NAME = "$(TARGET_NAME)";
				SWIFT_VERSION = 5.0;
				TARGETED_DEVICE_FAMILY = "1,2";
			};
			name = Release;
		};
/* End XCBuildConfiguration section */

/* Begin XCConfigurationList section */
		7657FFB9231ABAA500552755 /* Build configuration list for PBXProject "SKButtonNode" */ = {
			isa = XCConfigurationList;
			buildConfigurations = (
				7657FFD4231ABAA900552755 /* Debug */,
				7657FFD5231ABAA900552755 /* Release */,
			);
			defaultConfigurationIsVisible = 0;
			defaultConfigurationName = Release;
		};
		7657FFD6231ABAA900552755 /* Build configuration list for PBXNativeTarget "SKButtonNode" */ = {
			isa = XCConfigurationList;
			buildConfigurations = (
				7657FFD7231ABAA900552755 /* Debug */,
				7657FFD8231ABAA900552755 /* Release */,
			);
			defaultConfigurationIsVisible = 0;
			defaultConfigurationName = Release;
		};
/* End XCConfigurationList section */
	};
	rootObject = 7657FFB6231ABAA500552755 /* Project object */;
}
